
Microsoft Visual Studio Solution File, Format Version 12.00
# Visual Studio Version 17
VisualStudioVersion = 17.8.34330.188
MinimumVisualStudioVersion = 10.0.40219.1
Project("{FAE04EC0-301F-11D3-BF4B-00C04F79EFBC}") = "Routing Concept", "Routing Concept\Routing Concept.csproj", "{6637C0BA-0DC2-4B6A-9DAE-FE8D9D3C2F91}"
EndProject
Global
	GlobalSection(SolutionConfigurationPlatforms) = preSolution
		Debug|Any CPU = Debug|Any CPU
		Release|Any CPU = Release|Any CPU
	EndGlobalSection
	GlobalSection(ProjectConfigurationPlatforms) = postSolution
		{6637C0BA-0DC2-4B6A-9DAE-FE8D9D3C2F91}.Debug|Any CPU.ActiveCfg = Debug|Any CPU
		{6637C0BA-0DC2-4B6A-9DAE-FE8D9D3C2F91}.Debug|Any CPU.Build.0 = Debug|Any CPU
		{6637C0BA-0DC2-4B6A-9DAE-FE8D9D3C2F91}.Release|Any CPU.ActiveCfg = Release|Any CPU
		{6637C0BA-0DC2-4B6A-9DAE-FE8D9D3C2F91}.Release|Any CPU.Build.0 = Release|Any CPU
	EndGlobalSection
	GlobalSection(SolutionProperties) = preSolution
		HideSolutionNode = FALSE
	EndGlobalSection
	GlobalSection(ExtensibilityGlobals) = postSolution
		SolutionGuid = {BD483621-0116-4DFF-B1FE-1D5D86C877FB}
	EndGlobalSection
EndGlobal
