
Microsoft Visual Studio Solution File, Format Version 12.00
# Visual Studio Version 17
VisualStudioVersion = 17.8.34330.188
MinimumVisualStudioVersion = 10.0.40219.1
Project("{FAE04EC0-301F-11D3-BF4B-00C04F79EFBC}") = "SessionInNetCore", "SessionInNetCore\SessionInNetCore.csproj", "{1CE26FC2-C507-42B8-BE7D-F9FF46B57148}"
EndProject
Global
	GlobalSection(SolutionConfigurationPlatforms) = preSolution
		Debug|Any CPU = Debug|Any CPU
		Release|Any CPU = Release|Any CPU
	EndGlobalSection
	GlobalSection(ProjectConfigurationPlatforms) = postSolution
		{1CE26FC2-C507-42B8-BE7D-F9FF46B57148}.Debug|Any CPU.ActiveCfg = Debug|Any CPU
		{1CE26FC2-C507-42B8-BE7D-F9FF46B57148}.Debug|Any CPU.Build.0 = Debug|Any CPU
		{1CE26FC2-C507-42B8-BE7D-F9FF46B57148}.Release|Any CPU.ActiveCfg = Release|Any CPU
		{1CE26FC2-C507-42B8-BE7D-F9FF46B57148}.Release|Any CPU.Build.0 = Release|Any CPU
	EndGlobalSection
	GlobalSection(SolutionProperties) = preSolution
		HideSolutionNode = FALSE
	EndGlobalSection
	GlobalSection(ExtensibilityGlobals) = postSolution
		SolutionGuid = {12E489D4-1B58-440A-B3D5-FC933EAE4F1A}
	EndGlobalSection
EndGlobal
