
Microsoft Visual Studio Solution File, Format Version 12.00
# Visual Studio Version 17
VisualStudioVersion = 17.8.34330.188
MinimumVisualStudioVersion = 10.0.40219.1
Project("{FAE04EC0-301F-11D3-BF4B-00C04F79EFBC}") = "SampleWebApi", "SampleWebApi\SampleWebApi.csproj", "{CDF36549-E49C-4595-B6E2-0E22B3C8EF2C}"
EndProject
Global
	GlobalSection(SolutionConfigurationPlatforms) = preSolution
		Debug|Any CPU = Debug|Any CPU
		Release|Any CPU = Release|Any CPU
	EndGlobalSection
	GlobalSection(ProjectConfigurationPlatforms) = postSolution
		{CDF36549-E49C-4595-B6E2-0E22B3C8EF2C}.Debug|Any CPU.ActiveCfg = Debug|Any CPU
		{CDF36549-E49C-4595-B6E2-0E22B3C8EF2C}.Debug|Any CPU.Build.0 = Debug|Any CPU
		{CDF36549-E49C-4595-B6E2-0E22B3C8EF2C}.Release|Any CPU.ActiveCfg = Release|Any CPU
		{CDF36549-E49C-4595-B6E2-0E22B3C8EF2C}.Release|Any CPU.Build.0 = Release|Any CPU
	EndGlobalSection
	GlobalSection(SolutionProperties) = preSolution
		HideSolutionNode = FALSE
	EndGlobalSection
	GlobalSection(ExtensibilityGlobals) = postSolution
		SolutionGuid = {174D6821-B19C-4C6E-B424-7F91671DB2C7}
	EndGlobalSection
EndGlobal
