
Microsoft Visual Studio Solution File, Format Version 12.00
# Visual Studio Version 17
VisualStudioVersion = 17.8.34330.188
MinimumVisualStudioVersion = 10.0.40219.1
Project("{FAE04EC0-301F-11D3-BF4B-00C04F79EFBC}") = "Asp.NetCoreCustomMiddleware", "Asp.NetCoreCustomMiddleware\Asp.NetCoreCustomMiddleware.csproj", "{C198B71B-3180-41EE-9AA5-E419D34CE12F}"
EndProject
Global
	GlobalSection(SolutionConfigurationPlatforms) = preSolution
		Debug|Any CPU = Debug|Any CPU
		Release|Any CPU = Release|Any CPU
	EndGlobalSection
	GlobalSection(ProjectConfigurationPlatforms) = postSolution
		{C198B71B-3180-41EE-9AA5-E419D34CE12F}.Debug|Any CPU.ActiveCfg = Debug|Any CPU
		{C198B71B-3180-41EE-9AA5-E419D34CE12F}.Debug|Any CPU.Build.0 = Debug|Any CPU
		{C198B71B-3180-41EE-9AA5-E419D34CE12F}.Release|Any CPU.ActiveCfg = Release|Any CPU
		{C198B71B-3180-41EE-9AA5-E419D34CE12F}.Release|Any CPU.Build.0 = Release|Any CPU
	EndGlobalSection
	GlobalSection(SolutionProperties) = preSolution
		HideSolutionNode = FALSE
	EndGlobalSection
	GlobalSection(ExtensibilityGlobals) = postSolution
		SolutionGuid = {B6CF3EC6-257C-4562-8F78-5AA4C4FC58A5}
	EndGlobalSection
EndGlobal
