
Microsoft Visual Studio Solution File, Format Version 12.00
# Visual Studio Version 17
VisualStudioVersion = 17.8.34330.188
MinimumVisualStudioVersion = 10.0.40219.1
Project("{FAE04EC0-301F-11D3-BF4B-00C04F79EFBC}") = "environments", "environments\environments.csproj", "{B9B3B6E5-377C-4A30-9552-1577188E2153}"
EndProject
Global
	GlobalSection(SolutionConfigurationPlatforms) = preSolution
		Debug|Any CPU = Debug|Any CPU
		Release|Any CPU = Release|Any CPU
	EndGlobalSection
	GlobalSection(ProjectConfigurationPlatforms) = postSolution
		{B9B3B6E5-377C-4A30-9552-1577188E2153}.Debug|Any CPU.ActiveCfg = Debug|Any CPU
		{B9B3B6E5-377C-4A30-9552-1577188E2153}.Debug|Any CPU.Build.0 = Debug|Any CPU
		{B9B3B6E5-377C-4A30-9552-1577188E2153}.Release|Any CPU.ActiveCfg = Release|Any CPU
		{B9B3B6E5-377C-4A30-9552-1577188E2153}.Release|Any CPU.Build.0 = Release|Any CPU
	EndGlobalSection
	GlobalSection(SolutionProperties) = preSolution
		HideSolutionNode = FALSE
	EndGlobalSection
	GlobalSection(ExtensibilityGlobals) = postSolution
		SolutionGuid = {E62E53CC-BEEF-48E0-A228-2B82552664BA}
	EndGlobalSection
EndGlobal
