
Microsoft Visual Studio Solution File, Format Version 12.00
# Visual Studio Version 17
VisualStudioVersion = 17.8.34330.188
MinimumVisualStudioVersion = 10.0.40219.1
Project("{FAE04EC0-301F-11D3-BF4B-00C04F79EFBC}") = "EntityCoreFrameworkImplementation", "EntityCoreFrameworkImplementation\EntityCoreFrameworkImplementation.csproj", "{80E7C6CF-4506-469A-BCE1-3D4EE2EB4570}"
EndProject
Global
	GlobalSection(SolutionConfigurationPlatforms) = preSolution
		Debug|Any CPU = Debug|Any CPU
		Release|Any CPU = Release|Any CPU
	EndGlobalSection
	GlobalSection(ProjectConfigurationPlatforms) = postSolution
		{80E7C6CF-4506-469A-BCE1-3D4EE2EB4570}.Debug|Any CPU.ActiveCfg = Debug|Any CPU
		{80E7C6CF-4506-469A-BCE1-3D4EE2EB4570}.Debug|Any CPU.Build.0 = Debug|Any CPU
		{80E7C6CF-4506-469A-BCE1-3D4EE2EB4570}.Release|Any CPU.ActiveCfg = Release|Any CPU
		{80E7C6CF-4506-469A-BCE1-3D4EE2EB4570}.Release|Any CPU.Build.0 = Release|Any CPU
	EndGlobalSection
	GlobalSection(SolutionProperties) = preSolution
		HideSolutionNode = FALSE
	EndGlobalSection
	GlobalSection(ExtensibilityGlobals) = postSolution
		SolutionGuid = {960AE743-3363-4D90-9C23-833967FA8376}
	EndGlobalSection
EndGlobal
