
Microsoft Visual Studio Solution File, Format Version 12.00
# Visual Studio Version 17
VisualStudioVersion = 17.8.34330.188
MinimumVisualStudioVersion = 10.0.40219.1
Project("{FAE04EC0-301F-11D3-BF4B-00C04F79EFBC}") = "ModelBindingAndValidation", "ModelBindingAndValidation\ModelBindingAndValidation.csproj", "{8D173213-4166-4849-85E0-FBAB77E8847F}"
EndProject
Global
	GlobalSection(SolutionConfigurationPlatforms) = preSolution
		Debug|Any CPU = Debug|Any CPU
		Release|Any CPU = Release|Any CPU
	EndGlobalSection
	GlobalSection(ProjectConfigurationPlatforms) = postSolution
		{8D173213-4166-4849-85E0-FBAB77E8847F}.Debug|Any CPU.ActiveCfg = Debug|Any CPU
		{8D173213-4166-4849-85E0-FBAB77E8847F}.Debug|Any CPU.Build.0 = Debug|Any CPU
		{8D173213-4166-4849-85E0-FBAB77E8847F}.Release|Any CPU.ActiveCfg = Release|Any CPU
		{8D173213-4166-4849-85E0-FBAB77E8847F}.Release|Any CPU.Build.0 = Release|Any CPU
	EndGlobalSection
	GlobalSection(SolutionProperties) = preSolution
		HideSolutionNode = FALSE
	EndGlobalSection
	GlobalSection(ExtensibilityGlobals) = postSolution
		SolutionGuid = {C9EC1D48-1794-432C-8B81-3B2C3E0826F2}
	EndGlobalSection
EndGlobal
